<?xml version="1.0" encoding="utf-8"?>
<Project ToolsVersion="4.0" xmlns="http://schemas.microsoft.com/developer/msbuild/2003">
  <ItemGroup>
    <Filter Include="Source Files">
      <UniqueIdentifier>{4FC737F1-C7A5-4376-A066-2A32D752A2FF}</UniqueIdentifier>
      <Extensions>cpp;c;cc;cxx;def;odl;idl;hpj;bat;asm;asmx</Extensions>
    </Filter>
    <Filter Include="Header Files">
      <UniqueIdentifier>{93995380-89BD-4b04-88EB-625FBE52EBFB}</UniqueIdentifier>
      <Extensions>h;hpp;hxx;hm;inl;inc;xsd</Extensions>
    </Filter>
    <Filter Include="Resource Files">
      <UniqueIdentifier>{67DA6AB6-F800-4c08-8B7A-83BB121AAD01}</UniqueIdentifier>
      <Extensions>rc;ico;cur;bmp;dlg;rc2;rct;bin;rgs;gif;jpg;jpeg;jpe;resx;tiff;tif;png;wav;mfcribbon-ms</Extensions>
    </Filter>
    <Filter Include="Window">
      <UniqueIdentifier>{ec1bf3a5-8d61-41da-8ef5-06fc869dffcd}</UniqueIdentifier>
    </Filter>
    <Filter Include="Game">
      <UniqueIdentifier>{5e2ceab9-09a0-49cf-94f5-7e2c57779072}</UniqueIdentifier>
    </Filter>
    <Filter Include="Effects">
      <UniqueIdentifier>{e72c07b7-ed22-4b22-829b-d511cd35dfb6}</UniqueIdentifier>
    </Filter>
    <Filter Include="Timer">
      <UniqueIdentifier>{bf83c181-fa39-46aa-ba01-515a34e33431}</UniqueIdentifier>
    </Filter>
    <Filter Include="Game Object">
      <UniqueIdentifier>{10a64774-6a60-4701-8214-f6a93dea8047}</UniqueIdentifier>
    </Filter>
    <Filter Include="Components">
      <UniqueIdentifier>{f132ab5f-10e6-4581-b01a-d2fe9c8f8bf7}</UniqueIdentifier>
    </Filter>
    <Filter Include="ModelLoading">
      <UniqueIdentifier>{daab34da-fbba-4ea5-9a1e-a9871922735c}</UniqueIdentifier>
    </Filter>
    <Filter Include="Input">
      <UniqueIdentifier>{97bcfdde-c70b-44b4-9943-d8f7ccd86ed5}</UniqueIdentifier>
    </Filter>
  </ItemGroup>
  <ItemGroup>
    <ClCompile Include="main.cpp">
      <Filter>Source Files</Filter>
    </ClCompile>
    <ClCompile Include="Win32Window.cpp">
      <Filter>Window</Filter>
    </ClCompile>
    <ClCompile Include="GameApplication.cpp">
      <Filter>Game</Filter>
    </ClCompile>
    <ClCompile Include="Timer.cpp">
      <Filter>Timer</Filter>
    </ClCompile>
    <ClCompile Include="GameObject.cpp">
      <Filter>Game Object</Filter>
    </ClCompile>
    <ClCompile Include="GameObjectManager.cpp">
      <Filter>Game Object</Filter>
    </ClCompile>
    <ClCompile Include="CameraComponent.cpp">
      <Filter>Components</Filter>
    </ClCompile>
    <ClCompile Include="GeometryComponent.cpp">
      <Filter>Components</Filter>
    </ClCompile>
    <ClCompile Include="MaterialComponent.cpp">
      <Filter>Components</Filter>
    </ClCompile>
    <ClCompile Include="ModelLoader.cpp">
      <Filter>ModelLoading</Filter>
    </ClCompile>
    <ClCompile Include="Input.cpp">
      <Filter>Input</Filter>
    </ClCompile>
    <ClCompile Include="Joypad.cpp">
      <Filter>Input</Filter>
    </ClCompile>
    <ClCompile Include="Keyboard.cpp">
      <Filter>Input</Filter>
    </ClCompile>
    <ClCompile Include="Mouse.cpp">
      <Filter>Input</Filter>
    </ClCompile>
  </ItemGroup>
  <ItemGroup>
    <ClInclude Include="Win32Window.h">
      <Filter>Window</Filter>
    </ClInclude>
    <ClInclude Include="GameApplication.h">
      <Filter>Game</Filter>
    </ClInclude>
    <ClInclude Include="Timer.h">
      <Filter>Timer</Filter>
    </ClInclude>
    <ClInclude Include="GameObject.h">
      <Filter>Game Object</Filter>
    </ClInclude>
    <ClInclude Include="GameObjectManager.h">
      <Filter>Game Object</Filter>
    </ClInclude>
    <ClInclude Include="CameraComponent.h">
      <Filter>Components</Filter>
    </ClInclude>
    <ClInclude Include="GeometryComponent.h">
      <Filter>Components</Filter>
    </ClInclude>
    <ClInclude Include="IComponent.h">
      <Filter>Components</Filter>
    </ClInclude>
    <ClInclude Include="MaterialComponent.h">
      <Filter>Components</Filter>
    </ClInclude>
    <ClInclude Include="TransformComponent.h">
      <Filter>Components</Filter>
    </ClInclude>
    <ClInclude Include="ModelLoader.h">
      <Filter>ModelLoading</Filter>
    </ClInclude>
    <ClInclude Include="Input.h">
      <Filter>Input</Filter>
    </ClInclude>
    <ClInclude Include="Joypad.h">
      <Filter>Input</Filter>
    </ClInclude>
    <ClInclude Include="Keyboard.h">
      <Filter>Input</Filter>
    </ClInclude>
    <ClInclude Include="Mouse.h">
      <Filter>Input</Filter>
    </ClInclude>
  </ItemGroup>
  <ItemGroup>
    <None Include="ScreenSpace.fx">
      <Filter>Effects</Filter>
    </None>
    <None Include="Transform.fx">
      <Filter>Effects</Filter>
    </None>
    <None Include="Transform.fx">
      <Filter>Game\Effects</Filter>
    </None>
    <None Include="texture.fx">
      <Filter>Effects</Filter>
    </None>
  </ItemGroup>
</Project>